Microsoft Visual Studio Solution File, Format Version 11.00
# Visual Studio 2008

Project("{E5128C34-8E97-1AF0-2048-4B0C129C4A64}") = "Home Alone", "Assembly-CSharp.csproj", "{921FB5AF-80AA-CDD1-BDEB-78B9A12CC6A2}"
EndProject
Global
	GlobalSection(SolutionConfigurationPlatforms) = preSolution
		Debug|Any CPU = Debug|Any CPU
		Release|Any CPU = Release|Any CPU
	EndGlobalSection
	GlobalSection(ProjectConfigurationPlatforms) = postSolution
		{921FB5AF-80AA-CDD1-BDEB-78B9A12CC6A2}.Debug|Any CPU.ActiveCfg = Debug|Any CPU
		{921FB5AF-80AA-CDD1-BDEB-78B9A12CC6A2}.Debug|Any CPU.Build.0 = Debug|Any CPU
		{921FB5AF-80AA-CDD1-BDEB-78B9A12CC6A2}.Release|Any CPU.ActiveCfg = Release|Any CPU
		{921FB5AF-80AA-CDD1-BDEB-78B9A12CC6A2}.Release|Any CPU.Build.0 = Release|Any CPU
	EndGlobalSection
	GlobalSection(SolutionProperties) = preSolution
		HideSolutionNode = FALSE
	EndGlobalSection
	GlobalSection(MonoDevelopProperties) = preSolution
		StartupItem = Assembly-CSharp.csproj
	EndGlobalSection
EndGlobal
